
Microsoft Visual Studio Solution File, Format Version 12.00
# Visual Studio Version 17
VisualStudioVersion = 17.14.36518.9
MinimumVisualStudioVersion = 10.0.40219.1
Project("{FAE04EC0-301F-11D3-BF4B-00C04F79EFBC}") = "GruppProjectAPI", "GruppProjectAPI.csproj", "{C1AC2A9E-D43E-4C4E-B949-6677EC575854}"
EndProject
Global
	GlobalSection(SolutionConfigurationPlatforms) = preSolution
		Debug|Any CPU = Debug|Any CPU
		Release|Any CPU = Release|Any CPU
	EndGlobalSection
	GlobalSection(ProjectConfigurationPlatforms) = postSolution
		{C1AC2A9E-D43E-4C4E-B949-6677EC575854}.Debug|Any CPU.ActiveCfg = Debug|Any CPU
		{C1AC2A9E-D43E-4C4E-B949-6677EC575854}.Debug|Any CPU.Build.0 = Debug|Any CPU
		{C1AC2A9E-D43E-4C4E-B949-6677EC575854}.Release|Any CPU.ActiveCfg = Release|Any CPU
		{C1AC2A9E-D43E-4C4E-B949-6677EC575854}.Release|Any CPU.Build.0 = Release|Any CPU
	EndGlobalSection
	GlobalSection(SolutionProperties) = preSolution
		HideSolutionNode = FALSE
	EndGlobalSection
	GlobalSection(ExtensibilityGlobals) = postSolution
		SolutionGuid = {C728F6E0-68E8-4BC0-8BB4-F83BB6E80F72}
	EndGlobalSection
EndGlobal
